// !$*UTF8*$!
{
	archiveVersion = 1;
	classes = {
	};
	objectVersion = 55;
	objects = {

/* Begin PBXBuildFile section */
		8974C5DF28715E1A00E7C4AF /* SF-Pro-Display-Bold.otf in Resources */ = {isa = PBXBuildFile; fileRef = 8974C5DE28715E1A00E7C4AF /* SF-Pro-Display-Bold.otf */; };
		898135972871A60C0054AF76 /* MemberView.swift in Sources */ = {isa = PBXBuildFile; fileRef = 898135962871A60C0054AF76 /* MemberView.swift */; };
		8981359A2871A69E0054AF76 /* TaskView.swift in Sources */ = {isa = PBXBuildFile; fileRef = 898135992871A69E0054AF76 /* TaskView.swift */; };
		8981359C2871A6D60054AF76 /* HomeView.swift in Sources */ = {isa = PBXBuildFile; fileRef = 8981359B2871A6D60054AF76 /* HomeView.swift */; };
		8981359E2871A7020054AF76 /* ShopView.swift in Sources */ = {isa = PBXBuildFile; fileRef = 8981359D2871A7020054AF76 /* ShopView.swift */; };
		898135A02871A7220054AF76 /* RankView.swift in Sources */ = {isa = PBXBuildFile; fileRef = 8981359F2871A7220054AF76 /* RankView.swift */; };
		898135A42871C4420054AF76 /* Game.swift in Sources */ = {isa = PBXBuildFile; fileRef = 898135A32871C4420054AF76 /* Game.swift */; };
		89E28D6B286D8B38000C12C8 /* TApp.swift in Sources */ = {isa = PBXBuildFile; fileRef = 89E28D6A286D8B38000C12C8 /* TApp.swift */; };
		89E28D6D286D8B38000C12C8 /* ContentView.swift in Sources */ = {isa = PBXBuildFile; fileRef = 89E28D6C286D8B38000C12C8 /* ContentView.swift */; };
		89E28D6F286D8B39000C12C8 /* Assets.xcassets in Resources */ = {isa = PBXBuildFile; fileRef = 89E28D6E286D8B39000C12C8 /* Assets.xcassets */; };
		89E28D72286D8B39000C12C8 /* Preview Assets.xcassets in Resources */ = {isa = PBXBuildFile; fileRef = 89E28D71286D8B39000C12C8 /* Preview Assets.xcassets */; };
		89E28D7C286D8B39000C12C8 /* TTests.swift in Sources */ = {isa = PBXBuildFile; fileRef = 89E28D7B286D8B39000C12C8 /* TTests.swift */; };
		89E28D86286D8B39000C12C8 /* TUITests.swift in Sources */ = {isa = PBXBuildFile; fileRef = 89E28D85286D8B39000C12C8 /* TUITests.swift */; };
		89E28D88286D8B39000C12C8 /* TUITestsLaunchTests.swift in Sources */ = {isa = PBXBuildFile; fileRef = 89E28D87286D8B39000C12C8 /* TUITestsLaunchTests.swift */; };
		89E28DA1286D9473000C12C8 /* SF-Compact-Display-Bold.otf in Resources */ = {isa = PBXBuildFile; fileRef = 89E28D98286D9473000C12C8 /* SF-Compact-Display-Bold.otf */; };
		89F4EA43286F46410056EBA4 /* Localizable.strings in Resources */ = {isa = PBXBuildFile; fileRef = 89F4EA45286F46410056EBA4 /* Localizable.strings */; };
/* End PBXBuildFile section */

/* Begin PBXContainerItemProxy section */
		89E28D78286D8B39000C12C8 /* PBXContainerItemProxy */ = {
			isa = PBXContainerItemProxy;
			containerPortal = 89E28D5F286D8B38000C12C8 /* Project object */;
			proxyType = 1;
			remoteGlobalIDString = 89E28D66286D8B38000C12C8;
			remoteInfo = T;
		};
		89E28D82286D8B39000C12C8 /* PBXContainerItemProxy */ = {
			isa = PBXContainerItemProxy;
			containerPortal = 89E28D5F286D8B38000C12C8 /* Project object */;
			proxyType = 1;
			remoteGlobalIDString = 89E28D66286D8B38000C12C8;
			remoteInfo = T;
		};
/* End PBXContainerItemProxy section */

/* Begin PBXFileReference section */
		8974C5DE28715E1A00E7C4AF /* SF-Pro-Display-Bold.otf */ = {isa = PBXFileReference; lastKnownFileType = file; path = "SF-Pro-Display-Bold.otf"; sourceTree = "<group>"; };
		898135962871A60C0054AF76 /* MemberView.swift */ = {isa = PBXFileReference; lastKnownFileType = sourcecode.swift; path = MemberView.swift; sourceTree = "<group>"; };
		898135992871A69E0054AF76 /* TaskView.swift */ = {isa = PBXFileReference; lastKnownFileType = sourcecode.swift; path = TaskView.swift; sourceTree = "<group>"; };
		8981359B2871A6D60054AF76 /* HomeView.swift */ = {isa = PBXFileReference; lastKnownFileType = sourcecode.swift; path = HomeView.swift; sourceTree = "<group>"; };
		8981359D2871A7020054AF76 /* ShopView.swift */ = {isa = PBXFileReference; lastKnownFileType = sourcecode.swift; path = ShopView.swift; sourceTree = "<group>"; };
		8981359F2871A7220054AF76 /* RankView.swift */ = {isa = PBXFileReference; lastKnownFileType = sourcecode.swift; path = RankView.swift; sourceTree = "<group>"; };
		898135A32871C4420054AF76 /* Game.swift */ = {isa = PBXFileReference; lastKnownFileType = sourcecode.swift; path = Game.swift; sourceTree = "<group>"; };
		89E28D67286D8B38000C12C8 /* T.app */ = {isa = PBXFileReference; explicitFileType = wrapper.application; includeInIndex = 0; path = T.app; sourceTree = BUILT_PRODUCTS_DIR; };
		89E28D6A286D8B38000C12C8 /* TApp.swift */ = {isa = PBXFileReference; lastKnownFileType = sourcecode.swift; path = TApp.swift; sourceTree = "<group>"; };
		89E28D6C286D8B38000C12C8 /* ContentView.swift */ = {isa = PBXFileReference; lastKnownFileType = sourcecode.swift; path = ContentView.swift; sourceTree = "<group>"; };
		89E28D6E286D8B39000C12C8 /* Assets.xcassets */ = {isa = PBXFileReference; lastKnownFileType = folder.assetcatalog; path = Assets.xcassets; sourceTree = "<group>"; };
		89E28D71286D8B39000C12C8 /* Preview Assets.xcassets */ = {isa = PBXFileReference; lastKnownFileType = folder.assetcatalog; path = "Preview Assets.xcassets"; sourceTree = "<group>"; };
		89E28D77286D8B39000C12C8 /* TTests.xctest */ = {isa = PBXFileReference; explicitFileType = wrapper.cfbundle; includeInIndex = 0; path = TTests.xctest; sourceTree = BUILT_PRODUCTS_DIR; };
		89E28D7B286D8B39000C12C8 /* TTests.swift */ = {isa = PBXFileReference; lastKnownFileType = sourcecode.swift; path = TTests.swift; sourceTree = "<group>"; };
		89E28D81286D8B39000C12C8 /* TUITests.xctest */ = {isa = PBXFileReference; explicitFileType = wrapper.cfbundle; includeInIndex = 0; path = TUITests.xctest; sourceTree = BUILT_PRODUCTS_DIR; };
		89E28D85286D8B39000C12C8 /* TUITests.swift */ = {isa = PBXFileReference; lastKnownFileType = sourcecode.swift; path = TUITests.swift; sourceTree = "<group>"; };
		89E28D87286D8B39000C12C8 /* TUITestsLaunchTests.swift */ = {isa = PBXFileReference; lastKnownFileType = sourcecode.swift; path = TUITestsLaunchTests.swift; sourceTree = "<group>"; };
		89E28D98286D9473000C12C8 /* SF-Compact-Display-Bold.otf */ = {isa = PBXFileReference; lastKnownFileType = file; path = "SF-Compact-Display-Bold.otf"; sourceTree = "<group>"; };
		89E28DA9286D96B3000C12C8 /* Info.plist */ = {isa = PBXFileReference; lastKnownFileType = text.plist.xml; path = Info.plist; sourceTree = "<group>"; };
		89F4EA44286F46410056EBA4 /* en */ = {isa = PBXFileReference; lastKnownFileType = text.plist.strings; name = en; path = en.lproj/Localizable.strings; sourceTree = "<group>"; };
		89F4EA46286F46580056EBA4 /* zh-Hant */ = {isa = PBXFileReference; lastKnownFileType = text.plist.strings; name = "zh-Hant"; path = "zh-Hant.lproj/Localizable.strings"; sourceTree = "<group>"; };
/* End PBXFileReference section */

/* Begin PBXFrameworksBuildPhase section */
		89E28D64286D8B38000C12C8 /* Frameworks */ = {
			isa = PBXFrameworksBuildPhase;
			buildActionMask = 2147483647;
			files = (
			);
			runOnlyForDeploymentPostprocessing = 0;
		};
		89E28D74286D8B39000C12C8 /* Frameworks */ = {
			isa = PBXFrameworksBuildPhase;
			buildActionMask = 2147483647;
			files = (
			);
			runOnlyForDeploymentPostprocessing = 0;
		};
		89E28D7E286D8B39000C12C8 /* Frameworks */ = {
			isa = PBXFrameworksBuildPhase;
			buildActionMask = 2147483647;
			files = (
			);
			runOnlyForDeploymentPostprocessing = 0;
		};
/* End PBXFrameworksBuildPhase section */

/* Begin PBXGroup section */
		89E28D5E286D8B38000C12C8 = {
			isa = PBXGroup;
			children = (
				89E28D69286D8B38000C12C8 /* T */,
				89E28D7A286D8B39000C12C8 /* TTests */,
				89E28D84286D8B39000C12C8 /* TUITests */,
				89E28D68286D8B38000C12C8 /* Products */,
			);
			sourceTree = "<group>";
		};
		89E28D68286D8B38000C12C8 /* Products */ = {
			isa = PBXGroup;
			children = (
				89E28D67286D8B38000C12C8 /* T.app */,
				89E28D77286D8B39000C12C8 /* TTests.xctest */,
				89E28D81286D8B39000C12C8 /* TUITests.xctest */,
			);
			name = Products;
			sourceTree = "<group>";
		};
		89E28D69286D8B38000C12C8 /* T */ = {
			isa = PBXGroup;
			children = (
				89F4EA40286F45AE0056EBA4 /* Resources */,
				89E28DA9286D96B3000C12C8 /* Info.plist */,
				89E28D94286D943D000C12C8 /* Fonts */,
				89E28D6A286D8B38000C12C8 /* TApp.swift */,
				89E28D6C286D8B38000C12C8 /* ContentView.swift */,
				898135962871A60C0054AF76 /* MemberView.swift */,
				898135992871A69E0054AF76 /* TaskView.swift */,
				8981359B2871A6D60054AF76 /* HomeView.swift */,
				8981359D2871A7020054AF76 /* ShopView.swift */,
				8981359F2871A7220054AF76 /* RankView.swift */,
				898135A32871C4420054AF76 /* Game.swift */,
				89E28D6E286D8B39000C12C8 /* Assets.xcassets */,
				89E28D70286D8B39000C12C8 /* Preview Content */,
			);
			path = T;
			sourceTree = "<group>";
		};
		89E28D70286D8B39000C12C8 /* Preview Content */ = {
			isa = PBXGroup;
			children = (
				89E28D71286D8B39000C12C8 /* Preview Assets.xcassets */,
			);
			path = "Preview Content";
			sourceTree = "<group>";
		};
		89E28D7A286D8B39000C12C8 /* TTests */ = {
			isa = PBXGroup;
			children = (
				89E28D7B286D8B39000C12C8 /* TTests.swift */,
			);
			path = TTests;
			sourceTree = "<group>";
		};
		89E28D84286D8B39000C12C8 /* TUITests */ = {
			isa = PBXGroup;
			children = (
				89E28D85286D8B39000C12C8 /* TUITests.swift */,
				89E28D87286D8B39000C12C8 /* TUITestsLaunchTests.swift */,
			);
			path = TUITests;
			sourceTree = "<group>";
		};
		89E28D94286D943D000C12C8 /* Fonts */ = {
			isa = PBXGroup;
			children = (
				8974C5DE28715E1A00E7C4AF /* SF-Pro-Display-Bold.otf */,
				89E28D98286D9473000C12C8 /* SF-Compact-Display-Bold.otf */,
			);
			path = Fonts;
			sourceTree = "<group>";
		};
		89F4EA40286F45AE0056EBA4 /* Resources */ = {
			isa = PBXGroup;
			children = (
				89F4EA45286F46410056EBA4 /* Localizable.strings */,
			);
			path = Resources;
			sourceTree = "<group>";
		};
/* End PBXGroup section */

/* Begin PBXNativeTarget section */
		89E28D66286D8B38000C12C8 /* T */ = {
			isa = PBXNativeTarget;
			buildConfigurationList = 89E28D8B286D8B39000C12C8 /* Build configuration list for PBXNativeTarget "T" */;
			buildPhases = (
				89E28D63286D8B38000C12C8 /* Sources */,
				89E28D64286D8B38000C12C8 /* Frameworks */,
				89E28D65286D8B38000C12C8 /* Resources */,
			);
			buildRules = (
			);
			dependencies = (
			);
			name = T;
			productName = T;
			productReference = 89E28D67286D8B38000C12C8 /* T.app */;
			productType = "com.apple.product-type.application";
		};
		89E28D76286D8B39000C12C8 /* TTests */ = {
			isa = PBXNativeTarget;
			buildConfigurationList = 89E28D8E286D8B39000C12C8 /* Build configuration list for PBXNativeTarget "TTests" */;
			buildPhases = (
				89E28D73286D8B39000C12C8 /* Sources */,
				89E28D74286D8B39000C12C8 /* Frameworks */,
				89E28D75286D8B39000C12C8 /* Resources */,
			);
			buildRules = (
			);
			dependencies = (
				89E28D79286D8B39000C12C8 /* PBXTargetDependency */,
			);
			name = TTests;
			productName = TTests;
			productReference = 89E28D77286D8B39000C12C8 /* TTests.xctest */;
			productType = "com.apple.product-type.bundle.unit-test";
		};
		89E28D80286D8B39000C12C8 /* TUITests */ = {
			isa = PBXNativeTarget;
			buildConfigurationList = 89E28D91286D8B39000C12C8 /* Build configuration list for PBXNativeTarget "TUITests" */;
			buildPhases = (
				89E28D7D286D8B39000C12C8 /* Sources */,
				89E28D7E286D8B39000C12C8 /* Frameworks */,
				89E28D7F286D8B39000C12C8 /* Resources */,
			);
			buildRules = (
			);
			dependencies = (
				89E28D83286D8B39000C12C8 /* PBXTargetDependency */,
			);
			name = TUITests;
			productName = TUITests;
			productReference = 89E28D81286D8B39000C12C8 /* TUITests.xctest */;
			productType = "com.apple.product-type.bundle.ui-testing";
		};
/* End PBXNativeTarget section */

/* Begin PBXProject section */
		89E28D5F286D8B38000C12C8 /* Project object */ = {
			isa = PBXProject;
			attributes = {
				BuildIndependentTargetsInParallel = 1;
				LastSwiftUpdateCheck = 1340;
				LastUpgradeCheck = 1340;
				TargetAttributes = {
					89E28D66286D8B38000C12C8 = {
						CreatedOnToolsVersion = 13.4.1;
					};
					89E28D76286D8B39000C12C8 = {
						CreatedOnToolsVersion = 13.4.1;
						TestTargetID = 89E28D66286D8B38000C12C8;
					};
					89E28D80286D8B39000C12C8 = {
						CreatedOnToolsVersion = 13.4.1;
						TestTargetID = 89E28D66286D8B38000C12C8;
					};
				};
			};
			buildConfigurationList = 89E28D62286D8B38000C12C8 /* Build configuration list for PBXProject "T" */;
			compatibilityVersion = "Xcode 13.0";
			developmentRegion = en;
			hasScannedForEncodings = 0;
			knownRegions = (
				en,
				Base,
				"zh-Hant",
			);
			mainGroup = 89E28D5E286D8B38000C12C8;
			productRefGroup = 89E28D68286D8B38000C12C8 /* Products */;
			projectDirPath = "";
			projectRoot = "";
			targets = (
				89E28D66286D8B38000C12C8 /* T */,
				89E28D76286D8B39000C12C8 /* TTests */,
				89E28D80286D8B39000C12C8 /* TUITests */,
			);
		};
/* End PBXProject section */

/* Begin PBXResourcesBuildPhase section */
		89E28D65286D8B38000C12C8 /* Resources */ = {
			isa = PBXResourcesBuildPhase;
			buildActionMask = 2147483647;
			files = (
				89E28DA1286D9473000C12C8 /* SF-Compact-Display-Bold.otf in Resources */,
				8974C5DF28715E1A00E7C4AF /* SF-Pro-Display-Bold.otf in Resources */,
				89F4EA43286F46410056EBA4 /* Localizable.strings in Resources */,
				89E28D72286D8B39000C12C8 /* Preview Assets.xcassets in Resources */,
				89E28D6F286D8B39000C12C8 /* Assets.xcassets in Resources */,
			);
			runOnlyForDeploymentPostprocessing = 0;
		};
		89E28D75286D8B39000C12C8 /* Resources */ = {
			isa = PBXResourcesBuildPhase;
			buildActionMask = 2147483647;
			files = (
			);
			runOnlyForDeploymentPostprocessing = 0;
		};
		89E28D7F286D8B39000C12C8 /* Resources */ = {
			isa = PBXResourcesBuildPhase;
			buildActionMask = 2147483647;
			files = (
			);
			runOnlyForDeploymentPostprocessing = 0;
		};
/* End PBXResourcesBuildPhase section */

/* Begin PBXSourcesBuildPhase section */
		89E28D63286D8B38000C12C8 /* Sources */ = {
			isa = PBXSourcesBuildPhase;
			buildActionMask = 2147483647;
			files = (
				898135A02871A7220054AF76 /* RankView.swift in Sources */,
				8981359E2871A7020054AF76 /* ShopView.swift in Sources */,
				898135972871A60C0054AF76 /* MemberView.swift in Sources */,
				89E28D6D286D8B38000C12C8 /* ContentView.swift in Sources */,
				89E28D6B286D8B38000C12C8 /* TApp.swift in Sources */,
				8981359C2871A6D60054AF76 /* HomeView.swift in Sources */,
				8981359A2871A69E0054AF76 /* TaskView.swift in Sources */,
				898135A42871C4420054AF76 /* Game.swift in Sources */,
			);
			runOnlyForDeploymentPostprocessing = 0;
		};
		89E28D73286D8B39000C12C8 /* Sources */ = {
			isa = PBXSourcesBuildPhase;
			buildActionMask = 2147483647;
			files = (
				89E28D7C286D8B39000C12C8 /* TTests.swift in Sources */,
			);
			runOnlyForDeploymentPostprocessing = 0;
		};
		89E28D7D286D8B39000C12C8 /* Sources */ = {
			isa = PBXSourcesBuildPhase;
			buildActionMask = 2147483647;
			files = (
				89E28D86286D8B39000C12C8 /* TUITests.swift in Sources */,
				89E28D88286D8B39000C12C8 /* TUITestsLaunchTests.swift in Sources */,
			);
			runOnlyForDeploymentPostprocessing = 0;
		};
/* End PBXSourcesBuildPhase section */

/* Begin PBXTargetDependency section */
		89E28D79286D8B39000C12C8 /* PBXTargetDependency */ = {
			isa = PBXTargetDependency;
			target = 89E28D66286D8B38000C12C8 /* T */;
			targetProxy = 89E28D78286D8B39000C12C8 /* PBXContainerItemProxy */;
		};
		89E28D83286D8B39000C12C8 /* PBXTargetDependency */ = {
			isa = PBXTargetDependency;
			target = 89E28D66286D8B38000C12C8 /* T */;
			targetProxy = 89E28D82286D8B39000C12C8 /* PBXContainerItemProxy */;
		};
/* End PBXTargetDependency section */

/* Begin PBXVariantGroup section */
		89F4EA45286F46410056EBA4 /* Localizable.strings */ = {
			isa = PBXVariantGroup;
			children = (
				89F4EA44286F46410056EBA4 /* en */,
				89F4EA46286F46580056EBA4 /* zh-Hant */,
			);
			name = Localizable.strings;
			sourceTree = "<group>";
		};
/* End PBXVariantGroup section */

/* Begin XCBuildConfiguration section */
		89E28D89286D8B39000C12C8 /* Debug */ = {
			isa = XCBuildConfiguration;
			buildSettings = {
				ALWAYS_SEARCH_USER_PATHS = NO;
				CLANG_ANALYZER_NONNULL = YES;
				CLANG_ANALYZER_NUMBER_OBJECT_CONVERSION = YES_AGGRESSIVE;
				CLANG_CXX_LANGUAGE_STANDARD = "gnu++17";
				CLANG_ENABLE_MODULES = YES;
				CLANG_ENABLE_OBJC_ARC = YES;
				CLANG_ENABLE_OBJC_WEAK = YES;
				CLANG_WARN_BLOCK_CAPTURE_AUTORELEASING = YES;
				CLANG_WARN_BOOL_CONVERSION = YES;
				CLANG_WARN_COMMA = YES;
				CLANG_WARN_CONSTANT_CONVERSION = YES;
				CLANG_WARN_DEPRECATED_OBJC_IMPLEMENTATIONS = YES;
				CLANG_WARN_DIRECT_OBJC_ISA_USAGE = YES_ERROR;
				CLANG_WARN_DOCUMENTATION_COMMENTS = YES;
				CLANG_WARN_EMPTY_BODY = YES;
				CLANG_WARN_ENUM_CONVERSION = YES;
				CLANG_WARN_INFINITE_RECURSION = YES;
				CLANG_WARN_INT_CONVERSION = YES;
				CLANG_WARN_NON_LITERAL_NULL_CONVERSION = YES;
				CLANG_WARN_OBJC_IMPLICIT_RETAIN_SELF = YES;
				CLANG_WARN_OBJC_LITERAL_CONVERSION = YES;
				CLANG_WARN_OBJC_ROOT_CLASS = YES_ERROR;
				CLANG_WARN_QUOTED_INCLUDE_IN_FRAMEWORK_HEADER = YES;
				CLANG_WARN_RANGE_LOOP_ANALYSIS = YES;
				CLANG_WARN_STRICT_PROTOTYPES = YES;
				CLANG_WARN_SUSPICIOUS_MOVE = YES;
				CLANG_WARN_UNGUARDED_AVAILABILITY = YES_AGGRESSIVE;
				CLANG_WARN_UNREACHABLE_CODE = YES;
				CLANG_WARN__DUPLICATE_METHOD_MATCH = YES;
				COPY_PHASE_STRIP = NO;
				DEBUG_INFORMATION_FORMAT = dwarf;
				ENABLE_STRICT_OBJC_MSGSEND = YES;
				ENABLE_TESTABILITY = YES;
				GCC_C_LANGUAGE_STANDARD = gnu11;
				GCC_DYNAMIC_NO_PIC = NO;
				GCC_NO_COMMON_BLOCKS = YES;
				GCC_OPTIMIZATION_LEVEL = 0;
				GCC_PREPROCESSOR_DEFINITIONS = (
					"DEBUG=1",
					"$(inherited)",
				);
				GCC_WARN_64_TO_32_BIT_CONVERSION = YES;
				GCC_WARN_ABOUT_RETURN_TYPE = YES_ERROR;
				GCC_WARN_UNDECLARED_SELECTOR = YES;
				GCC_WARN_UNINITIALIZED_AUTOS = YES_AGGRESSIVE;
				GCC_WARN_UNUSED_FUNCTION = YES;
				GCC_WARN_UNUSED_VARIABLE = YES;
				IPHONEOS_DEPLOYMENT_TARGET = 15.5;
				MTL_ENABLE_DEBUG_INFO = INCLUDE_SOURCE;
				MTL_FAST_MATH = YES;
				ONLY_ACTIVE_ARCH = YES;
				SDKROOT = iphoneos;
				SWIFT_ACTIVE_COMPILATION_CONDITIONS = DEBUG;
				SWIFT_OPTIMIZATION_LEVEL = "-Onone";
			};
			name = Debug;
		};
		89E28D8A286D8B39000C12C8 /* Release */ = {
			isa = XCBuildConfiguration;
			buildSettings = {
				ALWAYS_SEARCH_USER_PATHS = NO;
				CLANG_ANALYZER_NONNULL = YES;
				CLANG_ANALYZER_NUMBER_OBJECT_CONVERSION = YES_AGGRESSIVE;
				CLANG_CXX_LANGUAGE_STANDARD = "gnu++17";
				CLANG_ENABLE_MODULES = YES;
				CLANG_ENABLE_OBJC_ARC = YES;
				CLANG_ENABLE_OBJC_WEAK = YES;
				CLANG_WARN_BLOCK_CAPTURE_AUTORELEASING = YES;
				CLANG_WARN_BOOL_CONVERSION = YES;
				CLANG_WARN_COMMA = YES;
				CLANG_WARN_CONSTANT_CONVERSION = YES;
				CLANG_WARN_DEPRECATED_OBJC_IMPLEMENTATIONS = YES;
				CLANG_WARN_DIRECT_OBJC_ISA_USAGE = YES_ERROR;
				CLANG_WARN_DOCUMENTATION_COMMENTS = YES;
				CLANG_WARN_EMPTY_BODY = YES;
				CLANG_WARN_ENUM_CONVERSION = YES;
				CLANG_WARN_INFINITE_RECURSION = YES;
				CLANG_WARN_INT_CONVERSION = YES;
				CLANG_WARN_NON_LITERAL_NULL_CONVERSION = YES;
				CLANG_WARN_OBJC_IMPLICIT_RETAIN_SELF = YES;
				CLANG_WARN_OBJC_LITERAL_CONVERSION = YES;
				CLANG_WARN_OBJC_ROOT_CLASS = YES_ERROR;
				CLANG_WARN_QUOTED_INCLUDE_IN_FRAMEWORK_HEADER = YES;
				CLANG_WARN_RANGE_LOOP_ANALYSIS = YES;
				CLANG_WARN_STRICT_PROTOTYPES = YES;
				CLANG_WARN_SUSPICIOUS_MOVE = YES;
				CLANG_WARN_UNGUARDED_AVAILABILITY = YES_AGGRESSIVE;
				CLANG_WARN_UNREACHABLE_CODE = YES;
				CLANG_WARN__DUPLICATE_METHOD_MATCH = YES;
				COPY_PHASE_STRIP = NO;
				DEBUG_INFORMATION_FORMAT = "dwarf-with-dsym";
				ENABLE_NS_ASSERTIONS = NO;
				ENABLE_STRICT_OBJC_MSGSEND = YES;
				GCC_C_LANGUAGE_STANDARD = gnu11;
				GCC_NO_COMMON_BLOCKS = YES;
				GCC_WARN_64_TO_32_BIT_CONVERSION = YES;
				GCC_WARN_ABOUT_RETURN_TYPE = YES_ERROR;
				GCC_WARN_UNDECLARED_SELECTOR = YES;
				GCC_WARN_UNINITIALIZED_AUTOS = YES_AGGRESSIVE;
				GCC_WARN_UNUSED_FUNCTION = YES;
				GCC_WARN_UNUSED_VARIABLE = YES;
				IPHONEOS_DEPLOYMENT_TARGET = 15.5;
				MTL_ENABLE_DEBUG_INFO = NO;
				MTL_FAST_MATH = YES;
				SDKROOT = iphoneos;
				SWIFT_COMPILATION_MODE = wholemodule;
				SWIFT_OPTIMIZATION_LEVEL = "-O";
				VALIDATE_PRODUCT = YES;
			};
			name = Release;
		};
		89E28D8C286D8B39000C12C8 /* Debug */ = {
			isa = XCBuildConfiguration;
			buildSettings = {
				ASSETCATALOG_COMPILER_APPICON_NAME = AppIcon;
				ASSETCATALOG_COMPILER_GLOBAL_ACCENT_COLOR_NAME = AccentColor;
				CODE_SIGN_IDENTITY = "Apple Development";
				CODE_SIGN_STYLE = Automatic;
				CURRENT_PROJECT_VERSION = 1;
				DEVELOPMENT_ASSET_PATHS = "\"T/Preview Content\"";
				DEVELOPMENT_TEAM = N3YL74K7TP;
				ENABLE_PREVIEWS = YES;
				GENERATE_INFOPLIST_FILE = YES;
				INFOPLIST_FILE = T/Info.plist;
				INFOPLIST_KEY_UIApplicationSceneManifest_Generation = YES;
				INFOPLIST_KEY_UIApplicationSupportsIndirectInputEvents = YES;
				INFOPLIST_KEY_UILaunchScreen_Generation = YES;
				INFOPLIST_KEY_UISupportedInterfaceOrientations = "UIInterfaceOrientationLandscapeLeft UIInterfaceOrientationLandscapeRight";
				INFOPLIST_KEY_UISupportedInterfaceOrientations_iPad = "UIInterfaceOrientationPortrait UIInterfaceOrientationPortraitUpsideDown UIInterfaceOrientationLandscapeLeft UIInterfaceOrientationLandscapeRight";
				INFOPLIST_KEY_UISupportedInterfaceOrientations_iPhone = "UIInterfaceOrientationPortrait UIInterfaceOrientationLandscapeLeft UIInterfaceOrientationLandscapeRight";
				IPHONEOS_DEPLOYMENT_TARGET = 15.5;
				LD_RUNPATH_SEARCH_PATHS = (
					"$(inherited)",
					"@executable_path/Frameworks",
				);
				MARKETING_VERSION = 1.0;
				PRODUCT_BUNDLE_IDENTIFIER = "hao-wei-wu.T";
				PRODUCT_NAME = "$(TARGET_NAME)";
				PROVISIONING_PROFILE_SPECIFIER = "";
				SWIFT_EMIT_LOC_STRINGS = YES;
				SWIFT_VERSION = 5.0;
				TARGETED_DEVICE_FAMILY = "1,2";
			};
			name = Debug;
		};
		89E28D8D286D8B39000C12C8 /* Release */ = {
			isa = XCBuildConfiguration;
			buildSettings = {
				ASSETCATALOG_COMPILER_APPICON_NAME = AppIcon;
				ASSETCATALOG_COMPILER_GLOBAL_ACCENT_COLOR_NAME = AccentColor;
				CODE_SIGN_IDENTITY = "Apple Development";
				CODE_SIGN_STYLE = Automatic;
				CURRENT_PROJECT_VERSION = 1;
				DEVELOPMENT_ASSET_PATHS = "\"T/Preview Content\"";
				DEVELOPMENT_TEAM = N3YL74K7TP;
				ENABLE_PREVIEWS = YES;
				GENERATE_INFOPLIST_FILE = YES;
				INFOPLIST_FILE = T/Info.plist;
				INFOPLIST_KEY_UIApplicationSceneManifest_Generation = YES;
				INFOPLIST_KEY_UIApplicationSupportsIndirectInputEvents = YES;
				INFOPLIST_KEY_UILaunchScreen_Generation = YES;
				INFOPLIST_KEY_UISupportedInterfaceOrientations = "UIInterfaceOrientationLandscapeLeft UIInterfaceOrientationLandscapeRight";
				INFOPLIST_KEY_UISupportedInterfaceOrientations_iPad = "UIInterfaceOrientationPortrait UIInterfaceOrientationPortraitUpsideDown UIInterfaceOrientationLandscapeLeft UIInterfaceOrientationLandscapeRight";
				INFOPLIST_KEY_UISupportedInterfaceOrientations_iPhone = "UIInterfaceOrientationPortrait UIInterfaceOrientationLandscapeLeft UIInterfaceOrientationLandscapeRight";
				IPHONEOS_DEPLOYMENT_TARGET = 15.5;
				LD_RUNPATH_SEARCH_PATHS = (
					"$(inherited)",
					"@executable_path/Frameworks",
				);
				MARKETING_VERSION = 1.0;
				PRODUCT_BUNDLE_IDENTIFIER = "hao-wei-wu.T";
				PRODUCT_NAME = "$(TARGET_NAME)";
				PROVISIONING_PROFILE_SPECIFIER = "";
				SWIFT_EMIT_LOC_STRINGS = YES;
				SWIFT_VERSION = 5.0;
				TARGETED_DEVICE_FAMILY = "1,2";
			};
			name = Release;
		};
		89E28D8F286D8B39000C12C8 /* Debug */ = {
			isa = XCBuildConfiguration;
			buildSettings = {
				ALWAYS_EMBED_SWIFT_STANDARD_LIBRARIES = YES;
				BUNDLE_LOADER = "$(TEST_HOST)";
				CODE_SIGN_STYLE = Automatic;
				CURRENT_PROJECT_VERSION = 1;
				GENERATE_INFOPLIST_FILE = YES;
				IPHONEOS_DEPLOYMENT_TARGET = 15.5;
				MARKETING_VERSION = 1.0;
				PRODUCT_BUNDLE_IDENTIFIER = "hao-wei-wu.TTests";
				PRODUCT_NAME = "$(TARGET_NAME)";
				SWIFT_EMIT_LOC_STRINGS = NO;
				SWIFT_VERSION = 5.0;
				TARGETED_DEVICE_FAMILY = "1,2";
				TEST_HOST = "$(BUILT_PRODUCTS_DIR)/T.app/T";
			};
			name = Debug;
		};
		89E28D90286D8B39000C12C8 /* Release */ = {
			isa = XCBuildConfiguration;
			buildSettings = {
				ALWAYS_EMBED_SWIFT_STANDARD_LIBRARIES = YES;
				BUNDLE_LOADER = "$(TEST_HOST)";
				CODE_SIGN_STYLE = Automatic;
				CURRENT_PROJECT_VERSION = 1;
				GENERATE_INFOPLIST_FILE = YES;
				IPHONEOS_DEPLOYMENT_TARGET = 15.5;
				MARKETING_VERSION = 1.0;
				PRODUCT_BUNDLE_IDENTIFIER = "hao-wei-wu.TTests";
				PRODUCT_NAME = "$(TARGET_NAME)";
				SWIFT_EMIT_LOC_STRINGS = NO;
				SWIFT_VERSION = 5.0;
				TARGETED_DEVICE_FAMILY = "1,2";
				TEST_HOST = "$(BUILT_PRODUCTS_DIR)/T.app/T";
			};
			name = Release;
		};
		89E28D92286D8B39000C12C8 /* Debug */ = {
			isa = XCBuildConfiguration;
			buildSettings = {
				ALWAYS_EMBED_SWIFT_STANDARD_LIBRARIES = YES;
				CODE_SIGN_STYLE = Automatic;
				CURRENT_PROJECT_VERSION = 1;
				GENERATE_INFOPLIST_FILE = YES;
				MARKETING_VERSION = 1.0;
				PRODUCT_BUNDLE_IDENTIFIER = "hao-wei-wu.TUITests";
				PRODUCT_NAME = "$(TARGET_NAME)";
				SWIFT_EMIT_LOC_STRINGS = NO;
				SWIFT_VERSION = 5.0;
				TARGETED_DEVICE_FAMILY = "1,2";
				TEST_TARGET_NAME = T;
			};
			name = Debug;
		};
		89E28D93286D8B39000C12C8 /* Release */ = {
			isa = XCBuildConfiguration;
			buildSettings = {
				ALWAYS_EMBED_SWIFT_STANDARD_LIBRARIES = YES;
				CODE_SIGN_STYLE = Automatic;
				CURRENT_PROJECT_VERSION = 1;
				GENERATE_INFOPLIST_FILE = YES;
				MARKETING_VERSION = 1.0;
				PRODUCT_BUNDLE_IDENTIFIER = "hao-wei-wu.TUITests";
				PRODUCT_NAME = "$(TARGET_NAME)";
				SWIFT_EMIT_LOC_STRINGS = NO;
				SWIFT_VERSION = 5.0;
				TARGETED_DEVICE_FAMILY = "1,2";
				TEST_TARGET_NAME = T;
			};
			name = Release;
		};
/* End XCBuildConfiguration section */

/* Begin XCConfigurationList section */
		89E28D62286D8B38000C12C8 /* Build configuration list for PBXProject "T" */ = {
			isa = XCConfigurationList;
			buildConfigurations = (
				89E28D89286D8B39000C12C8 /* Debug */,
				89E28D8A286D8B39000C12C8 /* Release */,
			);
			defaultConfigurationIsVisible = 0;
			defaultConfigurationName = Release;
		};
		89E28D8B286D8B39000C12C8 /* Build configuration list for PBXNativeTarget "T" */ = {
			isa = XCConfigurationList;
			buildConfigurations = (
				89E28D8C286D8B39000C12C8 /* Debug */,
				89E28D8D286D8B39000C12C8 /* Release */,
			);
			defaultConfigurationIsVisible = 0;
			defaultConfigurationName = Release;
		};
		89E28D8E286D8B39000C12C8 /* Build configuration list for PBXNativeTarget "TTests" */ = {
			isa = XCConfigurationList;
			buildConfigurations = (
				89E28D8F286D8B39000C12C8 /* Debug */,
				89E28D90286D8B39000C12C8 /* Release */,
			);
			defaultConfigurationIsVisible = 0;
			defaultConfigurationName = Release;
		};
		89E28D91286D8B39000C12C8 /* Build configuration list for PBXNativeTarget "TUITests" */ = {
			isa = XCConfigurationList;
			buildConfigurations = (
				89E28D92286D8B39000C12C8 /* Debug */,
				89E28D93286D8B39000C12C8 /* Release */,
			);
			defaultConfigurationIsVisible = 0;
			defaultConfigurationName = Release;
		};
/* End XCConfigurationList section */
	};
	rootObject = 89E28D5F286D8B38000C12C8 /* Project object */;
}
